
Microsoft Visual Studio Solution File, Format Version 12.00
# Visual Studio Version 17
VisualStudioVersion = 17.14.36908.2
MinimumVisualStudioVersion = 10.0.40219.1
Project("{8BC9CEB8-8B4A-11D0-8D11-00A0C91BC942}") = "1.Array", "1.Array\1.Array.vcxproj", "{FD78DDD8-0497-4BD1-9F89-24EE9C705BE4}"
EndProject
Project("{8BC9CEB8-8B4A-11D0-8D11-00A0C91BC942}") = "2.List", "2.List\2.List.vcxproj", "{D09DAAD6-0DBF-45DB-98DF-B5904F6C780C}"
EndProject
Project("{8BC9CEB8-8B4A-11D0-8D11-00A0C91BC942}") = "3.LinkedList", "LinkedList\LinkedList.vcxproj", "{DA982DF3-469F-4864-8785-90D3D25A13CC}"
EndProject
Project("{8BC9CEB8-8B4A-11D0-8D11-00A0C91BC942}") = "4.DoublyLinkedList", "4.DoublyLinkedList\4.DoublyLinkedList.vcxproj", "{9EB6EB05-0F4C-4E68-9AC9-5229DDF8A90B}"
EndProject
Project("{8BC9CEB8-8B4A-11D0-8D11-00A0C91BC942}") = "5.Stack", "5.Stack\5.Stack.vcxproj", "{B2C22500-C003-4A07-921B-A2DAAD4166DB}"
EndProject
Project("{8BC9CEB8-8B4A-11D0-8D11-00A0C91BC942}") = "6.StackMaze", "6.StackMaze\6.StackMaze.vcxproj", "{B83B050A-EC40-4612-93C4-1436D2995A49}"
EndProject
Project("{8BC9CEB8-8B4A-11D0-8D11-00A0C91BC942}") = "7.Queue", "7.Queue\7.Queue.vcxproj", "{BB3F7B5C-359B-4D76-A6AA-8641748668C1}"
EndProject
Project("{8BC9CEB8-8B4A-11D0-8D11-00A0C91BC942}") = "8.QueueMaze", "8.QueueMaze\8.QueueMaze.vcxproj", "{47020D31-2478-4577-9039-F57E31D51E84}"
EndProject
Global
	GlobalSection(SolutionConfigurationPlatforms) = preSolution
		Debug|x64 = Debug|x64
		Release|x64 = Release|x64
	EndGlobalSection
	GlobalSection(ProjectConfigurationPlatforms) = postSolution
		{FD78DDD8-0497-4BD1-9F89-24EE9C705BE4}.Debug|x64.ActiveCfg = Debug|x64
		{FD78DDD8-0497-4BD1-9F89-24EE9C705BE4}.Debug|x64.Build.0 = Debug|x64
		{FD78DDD8-0497-4BD1-9F89-24EE9C705BE4}.Release|x64.ActiveCfg = Release|x64
		{FD78DDD8-0497-4BD1-9F89-24EE9C705BE4}.Release|x64.Build.0 = Release|x64
		{D09DAAD6-0DBF-45DB-98DF-B5904F6C780C}.Debug|x64.ActiveCfg = Debug|x64
		{D09DAAD6-0DBF-45DB-98DF-B5904F6C780C}.Debug|x64.Build.0 = Debug|x64
		{D09DAAD6-0DBF-45DB-98DF-B5904F6C780C}.Release|x64.ActiveCfg = Release|x64
		{D09DAAD6-0DBF-45DB-98DF-B5904F6C780C}.Release|x64.Build.0 = Release|x64
		{DA982DF3-469F-4864-8785-90D3D25A13CC}.Debug|x64.ActiveCfg = Debug|x64
		{DA982DF3-469F-4864-8785-90D3D25A13CC}.Debug|x64.Build.0 = Debug|x64
		{DA982DF3-469F-4864-8785-90D3D25A13CC}.Release|x64.ActiveCfg = Release|x64
		{DA982DF3-469F-4864-8785-90D3D25A13CC}.Release|x64.Build.0 = Release|x64
		{9EB6EB05-0F4C-4E68-9AC9-5229DDF8A90B}.Debug|x64.ActiveCfg = Debug|x64
		{9EB6EB05-0F4C-4E68-9AC9-5229DDF8A90B}.Debug|x64.Build.0 = Debug|x64
		{9EB6EB05-0F4C-4E68-9AC9-5229DDF8A90B}.Release|x64.ActiveCfg = Release|x64
		{9EB6EB05-0F4C-4E68-9AC9-5229DDF8A90B}.Release|x64.Build.0 = Release|x64
		{B2C22500-C003-4A07-921B-A2DAAD4166DB}.Debug|x64.ActiveCfg = Debug|x64
		{B2C22500-C003-4A07-921B-A2DAAD4166DB}.Debug|x64.Build.0 = Debug|x64
		{B2C22500-C003-4A07-921B-A2DAAD4166DB}.Release|x64.ActiveCfg = Release|x64
		{B2C22500-C003-4A07-921B-A2DAAD4166DB}.Release|x64.Build.0 = Release|x64
		{B83B050A-EC40-4612-93C4-1436D2995A49}.Debug|x64.ActiveCfg = Debug|x64
		{B83B050A-EC40-4612-93C4-1436D2995A49}.Debug|x64.Build.0 = Debug|x64
		{B83B050A-EC40-4612-93C4-1436D2995A49}.Release|x64.ActiveCfg = Release|x64
		{B83B050A-EC40-4612-93C4-1436D2995A49}.Release|x64.Build.0 = Release|x64
		{BB3F7B5C-359B-4D76-A6AA-8641748668C1}.Debug|x64.ActiveCfg = Debug|x64
		{BB3F7B5C-359B-4D76-A6AA-8641748668C1}.Debug|x64.Build.0 = Debug|x64
		{BB3F7B5C-359B-4D76-A6AA-8641748668C1}.Release|x64.ActiveCfg = Release|x64
		{BB3F7B5C-359B-4D76-A6AA-8641748668C1}.Release|x64.Build.0 = Release|x64
		{47020D31-2478-4577-9039-F57E31D51E84}.Debug|x64.ActiveCfg = Debug|x64
		{47020D31-2478-4577-9039-F57E31D51E84}.Debug|x64.Build.0 = Debug|x64
		{47020D31-2478-4577-9039-F57E31D51E84}.Release|x64.ActiveCfg = Release|x64
		{47020D31-2478-4577-9039-F57E31D51E84}.Release|x64.Build.0 = Release|x64
	EndGlobalSection
	GlobalSection(SolutionProperties) = preSolution
		HideSolutionNode = FALSE
	EndGlobalSection
	GlobalSection(ExtensibilityGlobals) = postSolution
		SolutionGuid = {7ED89D25-2AA0-48B6-AABB-78320F11B765}
	EndGlobalSection
EndGlobal
